github.com/IucassacuI/feeds v0.0.0-20250402015614-037c760988fa h1:g1b/l2SdPzdRPrLJ39Ke52HjsSdIMTttAvTphXS5zJQ=
github.com/IucassacuI/feeds v0.0.0-20250402015614-037c760988fa/go.mod h1:54qnWGf8JHKOKsBoy5kSCTZbaHbLZcT9QZT0z1DvMtI=
github.com/IucassacuI/feeds v0.0.0-20250402023912-41060ce4aa18 h1:+loQAllDfJR75vgXJmtxDrwlozvSqLye/6xMZOVOoKo=
github.com/IucassacuI/feeds v0.0.0-20250402023912-41060ce4aa18/go.mod h1:54qnWGf8JHKOKsBoy5kSCTZbaHbLZcT9QZT0z1DvMtI=
